
Microsoft Visual Studio Solution File, Format Version 12.00
# Visual Studio Version 17
VisualStudioVersion = 17.3.32929.385
MinimumVisualStudioVersion = 10.0.40219.1
Project("{FAE04EC0-301F-11D3-BF4B-00C04F79EFBC}") = "StreamDataGenerator", "StreamDataGenerator\StreamDataGenerator.csproj", "{7E564ABB-444C-4510-B1AF-8D839656781D}"
EndProject
Global
	GlobalSection(SolutionConfigurationPlatforms) = preSolution
		Debug|Any CPU = Debug|Any CPU
		Release|Any CPU = Release|Any CPU
	EndGlobalSection
	GlobalSection(ProjectConfigurationPlatforms) = postSolution
		{7E564ABB-444C-4510-B1AF-8D839656781D}.Debug|Any CPU.ActiveCfg = Debug|Any CPU
		{7E564ABB-444C-4510-B1AF-8D839656781D}.Debug|Any CPU.Build.0 = Debug|Any CPU
		{7E564ABB-444C-4510-B1AF-8D839656781D}.Release|Any CPU.ActiveCfg = Release|Any CPU
		{7E564ABB-444C-4510-B1AF-8D839656781D}.Release|Any CPU.Build.0 = Release|Any CPU
	EndGlobalSection
	GlobalSection(SolutionProperties) = preSolution
		HideSolutionNode = FALSE
	EndGlobalSection
	GlobalSection(ExtensibilityGlobals) = postSolution
		SolutionGuid = {2B7123DE-A2DE-4331-9BDB-36E5A5527ACA}
	EndGlobalSection
EndGlobal
